
Microsoft Visual Studio Solution File, Format Version 12.00
# Visual Studio 15
VisualStudioVersion = 15.0.28307.271
MinimumVisualStudioVersion = 10.0.40219.1
Project("{FAE04EC0-301F-11D3-BF4B-00C04F79EFBC}") = "tiendita", "tiendita\tiendita.csproj", "{87B0763E-6965-41C3-880C-6CF891BA93A0}"
EndProject
Global
	GlobalSection(SolutionConfigurationPlatforms) = preSolution
		Debug|Any CPU = Debug|Any CPU
		Release|Any CPU = Release|Any CPU
	EndGlobalSection
	GlobalSection(ProjectConfigurationPlatforms) = postSolution
		{87B0763E-6965-41C3-880C-6CF891BA93A0}.Debug|Any CPU.ActiveCfg = Debug|Any CPU
		{87B0763E-6965-41C3-880C-6CF891BA93A0}.Debug|Any CPU.Build.0 = Debug|Any CPU
		{87B0763E-6965-41C3-880C-6CF891BA93A0}.Release|Any CPU.ActiveCfg = Release|Any CPU
		{87B0763E-6965-41C3-880C-6CF891BA93A0}.Release|Any CPU.Build.0 = Release|Any CPU
	EndGlobalSection
	GlobalSection(SolutionProperties) = preSolution
		HideSolutionNode = FALSE
	EndGlobalSection
	GlobalSection(ExtensibilityGlobals) = postSolution
		SolutionGuid = {EEEC35A0-4BA7-474A-B96E-6506C1671EAF}
	EndGlobalSection
EndGlobal
